
Microsoft Visual Studio Solution File, Format Version 12.00
# Visual Studio 15
VisualStudioVersion = 15.0.27130.2027
MinimumVisualStudioVersion = 10.0.40219.1
Project("{FAE04EC0-301F-11D3-BF4B-00C04F79EFBC}") = "BaldNeeeeeeeeeer", "BaldNeeeeeeeeeer\BaldNeeeeeeeeeer.csproj", "{31F8B043-4A0D-49AC-BB7C-38188B1CAE82}"
EndProject
Global
	GlobalSection(SolutionConfigurationPlatforms) = preSolution
		Debug|Any CPU = Debug|Any CPU
		Release|Any CPU = Release|Any CPU
	EndGlobalSection
	GlobalSection(ProjectConfigurationPlatforms) = postSolution
		{31F8B043-4A0D-49AC-BB7C-38188B1CAE82}.Debug|Any CPU.ActiveCfg = Debug|Any CPU
		{31F8B043-4A0D-49AC-BB7C-38188B1CAE82}.Debug|Any CPU.Build.0 = Debug|Any CPU
		{31F8B043-4A0D-49AC-BB7C-38188B1CAE82}.Release|Any CPU.ActiveCfg = Release|Any CPU
		{31F8B043-4A0D-49AC-BB7C-38188B1CAE82}.Release|Any CPU.Build.0 = Release|Any CPU
	EndGlobalSection
	GlobalSection(SolutionProperties) = preSolution
		HideSolutionNode = FALSE
	EndGlobalSection
	GlobalSection(ExtensibilityGlobals) = postSolution
		SolutionGuid = {BB18CC1D-C9D3-4DAA-879B-B6B09A08814D}
	EndGlobalSection
EndGlobal
